
Microsoft Visual Studio Solution File, Format Version 12.00
# Visual Studio 15
VisualStudioVersion = 15.0.28010.2019
MinimumVisualStudioVersion = 10.0.40219.1
Project("{FAE04EC0-301F-11D3-BF4B-00C04F79EFBC}") = "Entidades", "Entidades\Entidades.csproj", "{2427A0BE-03FD-4BAF-BD0D-05824AA164E0}"
EndProject
Project("{FAE04EC0-301F-11D3-BF4B-00C04F79EFBC}") = "MiCalculadora", "MiCalculadora\MiCalculadora.csproj", "{DF61DA01-F8AC-41B9-9AD4-857039C989BF}"
EndProject
Global
	GlobalSection(SolutionConfigurationPlatforms) = preSolution
		Debug|Any CPU = Debug|Any CPU
		Release|Any CPU = Release|Any CPU
	EndGlobalSection
	GlobalSection(ProjectConfigurationPlatforms) = postSolution
		{2427A0BE-03FD-4BAF-BD0D-05824AA164E0}.Debug|Any CPU.ActiveCfg = Debug|Any CPU
		{2427A0BE-03FD-4BAF-BD0D-05824AA164E0}.Debug|Any CPU.Build.0 = Debug|Any CPU
		{2427A0BE-03FD-4BAF-BD0D-05824AA164E0}.Release|Any CPU.ActiveCfg = Release|Any CPU
		{2427A0BE-03FD-4BAF-BD0D-05824AA164E0}.Release|Any CPU.Build.0 = Release|Any CPU
		{DF61DA01-F8AC-41B9-9AD4-857039C989BF}.Debug|Any CPU.ActiveCfg = Debug|Any CPU
		{DF61DA01-F8AC-41B9-9AD4-857039C989BF}.Debug|Any CPU.Build.0 = Debug|Any CPU
		{DF61DA01-F8AC-41B9-9AD4-857039C989BF}.Release|Any CPU.ActiveCfg = Release|Any CPU
		{DF61DA01-F8AC-41B9-9AD4-857039C989BF}.Release|Any CPU.Build.0 = Release|Any CPU
	EndGlobalSection
	GlobalSection(SolutionProperties) = preSolution
		HideSolutionNode = FALSE
	EndGlobalSection
	GlobalSection(ExtensibilityGlobals) = postSolution
		SolutionGuid = {50724B61-F790-4854-A8BC-626E23D36DEC}
	EndGlobalSection
EndGlobal
